PODS:
  - AFNetworking (3.2.1):
    - AFNetworking/NSURLSession (= 3.2.1)
    - AFNetworking/Reachability (= 3.2.1)
    - AFNetworking/Security (= 3.2.1)
    - AFNetworking/Serialization (= 3.2.1)
    - AFNetworking/UIKit (= 3.2.1)
  - AFNetworking/NSURLSession (3.2.1):
    - AFNetworking/Reachability
    - AFNetworking/Security
    - AFNetworking/Serialization
  - AFNetworking/Reachability (3.2.1)
  - AFNetworking/Security (3.2.1)
  - AFNetworking/Serialization (3.2.1)
  - AFNetworking/UIKit (3.2.1):
    - AFNetworking/NSURLSession
  - AVOSCloud (11.4.0)
  - BlocksKit (2.2.5):
    - BlocksKit/All (= 2.2.5)
  - BlocksKit/All (2.2.5):
    - BlocksKit/Core
    - BlocksKit/DynamicDelegate
    - BlocksKit/MessageUI
    - BlocksKit/UIKit
  - BlocksKit/Core (2.2.5)
  - BlocksKit/DynamicDelegate (2.2.5)
  - BlocksKit/MessageUI (2.2.5):
    - BlocksKit/Core
    - BlocksKit/DynamicDelegate
  - BlocksKit/UIKit (2.2.5):
    - BlocksKit/Core
    - BlocksKit/DynamicDelegate
  - Masonry (1.0.2)
  - MBProgressHUD (1.1.0)
  - MJExtension (3.0.15.1)
  - ReactiveObjC (2.1.2)
  - SVProgressHUD (2.2.5)
  - UMCCommon (1.5.2)
  - UMCPush (3.2.2):
    - UMCCommon
  - UMCSecurityPlugins (1.0.6)
  - YYKit (1.0.9):
    - YYKit/no-arc (= 1.0.9)
  - YYKit/no-arc (1.0.9)

DEPENDENCIES:
  - AFNetworking
  - AVOSCloud
  - BlocksKit (~> 2.2.5)
  - Masonry (~> 1.0.2)
  - MBProgressHUD (~> 1.1.0)
  - MJExtension (~> 3.0.13)
  - ReactiveObjC (~> 2.1.2)
  - SVProgressHUD
  - UMCCommon
  - UMCPush
  - UMCSecurityPlugins
  - YYKit (~> 1.0.9)

SPEC REPOS:
  https://github.com/cocoapods/specs.git:
    - AFNetworking
    - AVOSCloud
    - BlocksKit
    - Masonry
    - MBProgressHUD
    - MJExtension
    - ReactiveObjC
    - SVProgressHUD
    - UMCCommon
    - UMCPush
    - UMCSecurityPlugins
    - YYKit

SPEC CHECKSUMS:
  AFNetworking: b6f891fdfaed196b46c7a83cf209e09697b94057
  AVOSCloud: 1968612949f44d5a79c8ccdd550ca2107bbfde02
  BlocksKit: 7f422b971407001178d181a43b99014ea2591fe6
  Masonry: 7c429b56da9d4ee0bbb3ed77a5ea710d6a5df39e
  MBProgressHUD: e7baa36a220447d8aeb12769bf0585582f3866d9
  MJExtension: 19bc33ce2eee2d319760f5622562cf581a6ff756
  ReactiveObjC: 7b6782ae39f9ac0f57205c3b0c0b69b9dd7048c0
  SVProgressHUD: 1428aafac632c1f86f62aa4243ec12008d7a51d6
  UMCCommon: 4392868ac47ff1b101663106bb114ba616fabbad
  UMCPush: 5ab89bdbcc1fe90b1c669ff79213b44dc4821ec5
  UMCSecurityPlugins: 0831a08f3988f3cea9f1d3a7626cd9bee4fef150
  YYKit: 7cda43304a8dc3696c449041e2cb3107b4e236e7

PODFILE CHECKSUM: 6dcfb4550ccafb1ac1b613b7e9a983dbb55a4322

COCOAPODS: 1.5.3
